lockfileVersion: '9.0'

settings:
  autoInstallPeers: true
  excludeLinksFromLockfile: false

importers:

  .:
    devDependencies:
      '@napi-rs/cli':
        specifier: ^2
        version: 2.18.4
    optionalDependencies:
      '@heif2jpeg/heif2jpeg-darwin-arm64':
        specifier: 0.1.2
        version: 0.1.2
      '@heif2jpeg/heif2jpeg-darwin-x64':
        specifier: 0.1.2
        version: 0.1.2
      '@heif2jpeg/heif2jpeg-linux-arm64-gnu':
        specifier: 0.1.2
        version: 0.1.2
      '@heif2jpeg/heif2jpeg-linux-x64-gnu':
        specifier: 0.1.2
        version: 0.1.2
      '@heif2jpeg/heif2jpeg-win32-arm64-msvc':
        specifier: 0.1.2
        version: 0.1.2
      '@heif2jpeg/heif2jpeg-win32-x64-msvc':
        specifier: 0.1.2
        version: 0.1.2

packages:

  '@heif2jpeg/heif2jpeg-darwin-arm64@0.1.2':
    resolution: {integrity: sha512-9URj18k5mExmU56ba0SK6QxYQd1kTdMzsOVPTuHS2byZKhAALhb4CUNAwi2ECqPLYDHBhhf7oRTyVAQU2DOfnA==}
    engines: {node: '>= 18'}
    cpu: [arm64]
    os: [darwin]

  '@heif2jpeg/heif2jpeg-darwin-x64@0.1.2':
    resolution: {integrity: sha512-3jWWaqL3rmL3XAEcU9S0BLmE2kANmLYk47v/uOIoIb79milmn7u3Huuv/kwIhbztCj/DqhzBMtqZmWpj/4gKdA==}
    engines: {node: '>= 18'}
    cpu: [x64]
    os: [darwin]

  '@heif2jpeg/heif2jpeg-linux-arm64-gnu@0.1.2':
    resolution: {integrity: sha512-8rphkiO4WbRmaZgbJSjtNVQIHEsiOVkl/Qui39hw8scF1BsVeUWB1qCbw6vR1W4tJt2CpgeWM9y76MxykrmDHA==}
    engines: {node: '>= 18'}
    cpu: [arm64]
    os: [linux]
    libc: [glibc]

  '@heif2jpeg/heif2jpeg-linux-x64-gnu@0.1.2':
    resolution: {integrity: sha512-Lms3UZWGi7w43rSidPjrOEqhyVhN+qncHTYsH4OVVush7PLqPdMP4ftH40GK2ijCxI98RgxHozOqFPB/jZWnig==}
    engines: {node: '>= 18'}
    cpu: [x64]
    os: [linux]
    libc: [glibc]

  '@heif2jpeg/heif2jpeg-win32-arm64-msvc@0.1.2':
    resolution: {integrity: sha512-F8mL6iCB9r+GMLMP5GxQiH6Z2A4XLkaAEQ4/nHdIHgguXkuEhhXCJ2DYT7qZUsM2qKB+uJhGn0Wm/vMCkfpc4g==}
    engines: {node: '>= 18'}
    cpu: [arm64]
    os: [win32]

  '@heif2jpeg/heif2jpeg-win32-x64-msvc@0.1.2':
    resolution: {integrity: sha512-RXos9L/r/p6fQtGX2hKjKUhaS1u/TKO9QunqXb5ROa0IlsL8PldVTHxPnw6X2MTXzzVQCL/MAbnu/Z86kdvKpA==}
    engines: {node: '>= 18'}
    cpu: [x64]
    os: [win32]

  '@napi-rs/cli@2.18.4':
    resolution: {integrity: sha512-SgJeA4df9DE2iAEpr3M2H0OKl/yjtg1BnRI5/JyowS71tUWhrfSu2LT0V3vlHET+g1hBVlrO60PmEXwUEKp8Mg==}
    engines: {node: '>= 10'}
    hasBin: true

snapshots:

  '@heif2jpeg/heif2jpeg-darwin-arm64@0.1.2':
    optional: true

  '@heif2jpeg/heif2jpeg-darwin-x64@0.1.2':
    optional: true

  '@heif2jpeg/heif2jpeg-linux-arm64-gnu@0.1.2':
    optional: true

  '@heif2jpeg/heif2jpeg-linux-x64-gnu@0.1.2':
    optional: true

  '@heif2jpeg/heif2jpeg-win32-arm64-msvc@0.1.2':
    optional: true

  '@heif2jpeg/heif2jpeg-win32-x64-msvc@0.1.2':
    optional: true

  '@napi-rs/cli@2.18.4': {}
